
Microsoft Visual Studio Solution File, Format Version 11.00
# Visual Studio 2010
Project("{FAE04EC0-301F-11D3-BF4B-00C04F79EFBC}") = "FlameDroid", "FlameDroid\FlameDroid.csproj", "{94DED137-459A-4189-8135-8DBB0F558260}"
EndProject
Project("{FAE04EC0-301F-11D3-BF4B-00C04F79EFBC}") = "Inferis.Apis.Campfire.MonoDroid", "Inferis.Apis.Campfire\Inferis.Apis.Campfire.MonoDroid.csproj", "{0FA724BD-23E4-4483-90A8-A222B506090F}"
EndProject
Project("{FAE04EC0-301F-11D3-BF4B-00C04F79EFBC}") = "FlameTouch", "FlameTouch\FlameTouch.csproj", "{93EB13B7-3F03-4708-BD06-5DCD9FCFE8A9}"
EndProject
Project("{FAE04EC0-301F-11D3-BF4B-00C04F79EFBC}") = "Inferis.Apis.Campfire.MonoTouch", "Inferis.Apis.Campfire\Inferis.Apis.Campfire.MonoTouch.csproj", "{62C643D6-62DA-49F5-87FC-BA9F7D7E0CC7}"
EndProject
Global
	GlobalSection(SolutionConfigurationPlatforms) = preSolution
		Debug|Any CPU = Debug|Any CPU
		Release|Any CPU = Release|Any CPU
		Debug|iPhoneSimulator = Debug|iPhoneSimulator
		Release|iPhoneSimulator = Release|iPhoneSimulator
		Debug|iPhone = Debug|iPhone
		Release|iPhone = Release|iPhone
	EndGlobalSection
	GlobalSection(ProjectConfigurationPlatforms) = postSolution
		{0FA724BD-23E4-4483-90A8-A222B506090F}.Debug|Any CPU.ActiveCfg = Debug|Any CPU
		{0FA724BD-23E4-4483-90A8-A222B506090F}.Debug|Any CPU.Build.0 = Debug|Any CPU
		{0FA724BD-23E4-4483-90A8-A222B506090F}.Release|Any CPU.ActiveCfg = Release|Any CPU
		{0FA724BD-23E4-4483-90A8-A222B506090F}.Release|Any CPU.Build.0 = Release|Any CPU
		{62C643D6-62DA-49F5-87FC-BA9F7D7E0CC7}.Debug|Any CPU.ActiveCfg = Debug|iPhoneSimulator
		{62C643D6-62DA-49F5-87FC-BA9F7D7E0CC7}.Debug|Any CPU.Build.0 = Debug|iPhoneSimulator
		{62C643D6-62DA-49F5-87FC-BA9F7D7E0CC7}.Debug|iPhone.ActiveCfg = Debug|iPhone
		{62C643D6-62DA-49F5-87FC-BA9F7D7E0CC7}.Debug|iPhone.Build.0 = Debug|iPhone
		{62C643D6-62DA-49F5-87FC-BA9F7D7E0CC7}.Debug|iPhoneSimulator.ActiveCfg = Debug|iPhoneSimulator
		{62C643D6-62DA-49F5-87FC-BA9F7D7E0CC7}.Debug|iPhoneSimulator.Build.0 = Debug|iPhoneSimulator
		{62C643D6-62DA-49F5-87FC-BA9F7D7E0CC7}.Release|Any CPU.ActiveCfg = Release|iPhoneSimulator
		{62C643D6-62DA-49F5-87FC-BA9F7D7E0CC7}.Release|Any CPU.Build.0 = Release|iPhoneSimulator
		{62C643D6-62DA-49F5-87FC-BA9F7D7E0CC7}.Release|iPhone.ActiveCfg = Release|iPhone
		{62C643D6-62DA-49F5-87FC-BA9F7D7E0CC7}.Release|iPhone.Build.0 = Release|iPhone
		{62C643D6-62DA-49F5-87FC-BA9F7D7E0CC7}.Release|iPhoneSimulator.ActiveCfg = Release|iPhoneSimulator
		{62C643D6-62DA-49F5-87FC-BA9F7D7E0CC7}.Release|iPhoneSimulator.Build.0 = Release|iPhoneSimulator
		{93EB13B7-3F03-4708-BD06-5DCD9FCFE8A9}.Debug|Any CPU.ActiveCfg = Debug|iPhoneSimulator
		{93EB13B7-3F03-4708-BD06-5DCD9FCFE8A9}.Debug|Any CPU.Build.0 = Debug|iPhoneSimulator
		{93EB13B7-3F03-4708-BD06-5DCD9FCFE8A9}.Debug|iPhone.ActiveCfg = Debug|iPhone
		{93EB13B7-3F03-4708-BD06-5DCD9FCFE8A9}.Debug|iPhone.Build.0 = Debug|iPhone
		{93EB13B7-3F03-4708-BD06-5DCD9FCFE8A9}.Debug|iPhoneSimulator.ActiveCfg = Debug|iPhoneSimulator
		{93EB13B7-3F03-4708-BD06-5DCD9FCFE8A9}.Debug|iPhoneSimulator.Build.0 = Debug|iPhoneSimulator
		{93EB13B7-3F03-4708-BD06-5DCD9FCFE8A9}.Release|Any CPU.ActiveCfg = Release|iPhoneSimulator
		{93EB13B7-3F03-4708-BD06-5DCD9FCFE8A9}.Release|Any CPU.Build.0 = Release|iPhoneSimulator
		{93EB13B7-3F03-4708-BD06-5DCD9FCFE8A9}.Release|iPhone.ActiveCfg = Release|iPhone
		{93EB13B7-3F03-4708-BD06-5DCD9FCFE8A9}.Release|iPhone.Build.0 = Release|iPhone
		{93EB13B7-3F03-4708-BD06-5DCD9FCFE8A9}.Release|iPhoneSimulator.ActiveCfg = Release|iPhoneSimulator
		{93EB13B7-3F03-4708-BD06-5DCD9FCFE8A9}.Release|iPhoneSimulator.Build.0 = Release|iPhoneSimulator
		{94DED137-459A-4189-8135-8DBB0F558260}.Debug|Any CPU.ActiveCfg = Debug|Any CPU
		{94DED137-459A-4189-8135-8DBB0F558260}.Debug|Any CPU.Build.0 = Debug|Any CPU
		{94DED137-459A-4189-8135-8DBB0F558260}.Release|Any CPU.ActiveCfg = Release|Any CPU
		{94DED137-459A-4189-8135-8DBB0F558260}.Release|Any CPU.Build.0 = Release|Any CPU
	EndGlobalSection
	GlobalSection(MonoDevelopProperties) = preSolution
		StartupItem = FlameTouch\FlameTouch.csproj
	EndGlobalSection
EndGlobal
